
Microsoft Visual Studio Solution File, Format Version 12.00
# Visual Studio Version 16
VisualStudioVersion = 16.0.30128.74
MinimumVisualStudioVersion = 10.0.40219.1
Project("{FAE04EC0-301F-11D3-BF4B-00C04F79EFBC}") = "WpfApp1", "WpfApp1\WpfApp1.csproj", "{F6AB145F-2260-46AC-9EB3-C674737A91CB}"
EndProject
Global
	GlobalSection(SolutionConfigurationPlatforms) = preSolution
		Debug|Any CPU = Debug|Any CPU
		Release|Any CPU = Release|Any CPU
	EndGlobalSection
	GlobalSection(ProjectConfigurationPlatforms) = postSolution
		{F6AB145F-2260-46AC-9EB3-C674737A91CB}.Debug|Any CPU.ActiveCfg = Debug|Any CPU
		{F6AB145F-2260-46AC-9EB3-C674737A91CB}.Debug|Any CPU.Build.0 = Debug|Any CPU
		{F6AB145F-2260-46AC-9EB3-C674737A91CB}.Release|Any CPU.ActiveCfg = Release|Any CPU
		{F6AB145F-2260-46AC-9EB3-C674737A91CB}.Release|Any CPU.Build.0 = Release|Any CPU
	EndGlobalSection
	GlobalSection(SolutionProperties) = preSolution
		HideSolutionNode = FALSE
	EndGlobalSection
	GlobalSection(ExtensibilityGlobals) = postSolution
		SolutionGuid = {D3EA4217-7C7C-4790-8171-E7EBF50F4166}
	EndGlobalSection
EndGlobal
